# This file is automatically @generated by Cargo.
# It is not intended for manual editing.
[[package]]
name = "bitvec"
version = "0.17.2"
source = "registry+https://github.com/rust-lang/crates.io-index"
dependencies = [
 "either 1.5.3 (registry+https://github.com/rust-lang/crates.io-index)",
 "radium 0.3.0 (registry+https://github.com/rust-lang/crates.io-index)",
]

[[package]]
name = "either"
version = "1.5.3"
source = "registry+https://github.com/rust-lang/crates.io-index"

[[package]]
name = "hext"
version = "0.1.0"
dependencies = [
 "bitvec 0.17.2 (registry+https://github.com/rust-lang/crates.io-index)",
]

[[package]]
name = "radium"
version = "0.3.0"
source = "registry+https://github.com/rust-lang/crates.io-index"

[metadata]
"checksum bitvec 0.17.2 (registry+https://github.com/rust-lang/crates.io-index)" = "1fe4300c1d7a9ea6f3e3f39c10b39862bb79e1175c0572b6b49539a30e5562f5"
"checksum either 1.5.3 (registry+https://github.com/rust-lang/crates.io-index)" = "bb1f6b1ce1c140482ea30ddd3335fc0024ac7ee112895426e0a629a6c20adfe3"
"checksum radium 0.3.0 (registry+https://github.com/rust-lang/crates.io-index)" = "def50a86306165861203e7f84ecffbbdfdea79f0e51039b33de1e952358c47ac"
